<?xml version="1.0" encoding="UTF-8" standalone="yes" ?>
<CodeBlocks_project_file>
	<FileVersion major="1" minor="6" />
	<Project>
		<Option title="GAPCplusplus" />
		<Option pch_mode="2" />
		<Option compiler="gcc" />
		<Build>
			<Script file="lib_finder.script" />
			<Target title="Debug">
				<Option output="bin/GAPCplusplus" prefix_auto="1" extension_auto="1" />
				<Option object_output="obj/" />
				<Option type="1" />
				<Option compiler="gcc" />
				<Compiler>
					<Add option="-g" />
				</Compiler>
				<Linker>
					<Add library="cplex1263.lib" />
				</Linker>
			</Target>
			<Target title="Release">
				<Option output="bin/GAPCplusplus" prefix_auto="1" extension_auto="1" />
				<Option object_output="obj/" />
				<Option type="1" />
				<Option compiler="gcc" />
				<Compiler>
					<Add option="-O2" />
				</Compiler>
				<Linker>
					<Add option="-s" />
					<Add library="cplex1263.lib" />
				</Linker>
			</Target>
		</Build>
		<Compiler>
			<Add option="-Wall" />
			<Add option="-fexceptions" />
		</Compiler>
		<Unit filename="../Controller.cpp" />
		<Unit filename="../Controller.h" />
		<Unit filename="../DPknapsack.cpp" />
		<Unit filename="../DPknapsack.h" />
		<Unit filename="../DataReader.cpp" />
		<Unit filename="../DataReader.h" />
		<Unit filename="../GAP.cpp" />
		<Unit filename="../GAP.h" />
		<Unit filename="../Persistence.cpp" />
		<Unit filename="../Persistence.h" />
		<Unit filename="../config.h" />
		<Unit filename="../json.cpp" />
		<Unit filename="../json.h" />
		<Unit filename="../main.cpp" />
		<Extensions>
			<code_completion />
			<envvars />
			<debugger />
			<lib_finder disable_auto="1" />
		</Extensions>
	</Project>
</CodeBlocks_project_file>
