<?xml version="1.0" encoding="utf-8"?>
<Project ToolsVersion="4.0" xmlns="http://schemas.microsoft.com/developer/msbuild/2003">
  <ItemGroup>
    <Filter Include="Source Files">
      <UniqueIdentifier>{4FC737F1-C7A5-4376-A066-2A32D752A2FF}</UniqueIdentifier>
      <Extensions>cpp;c;cc;cxx;def;odl;idl;hpj;bat;asm;asmx</Extensions>
    </Filter>
    <Filter Include="Header Files">
      <UniqueIdentifier>{93995380-89BD-4b04-88EB-625FBE52EBFB}</UniqueIdentifier>
      <Extensions>h;hh;hpp;hxx;hm;inl;inc;xsd</Extensions>
    </Filter>
    <Filter Include="Resource Files">
      <UniqueIdentifier>{67DA6AB6-F800-4c08-8B7A-83BB121AAD01}</UniqueIdentifier>
      <Extensions>rc;ico;cur;bmp;dlg;rc2;rct;bin;rgs;gif;jpg;jpeg;jpe;resx;tiff;tif;png;wav;mfcribbon-ms</Extensions>
    </Filter>
  </ItemGroup>
  <ItemGroup>
    <ClInclude Include="..\Controller.h">
      <Filter>Header Files</Filter>
    </ClInclude>
    <ClInclude Include="..\GAP.h">
      <Filter>Header Files</Filter>
    </ClInclude>
    <ClInclude Include="..\json.h">
      <Filter>Header Files</Filter>
    </ClInclude>
    <ClInclude Include="..\Persistence.h">
      <Filter>Header Files</Filter>
    </ClInclude>
    <ClInclude Include="..\LowerBound.h">
      <Filter>Header Files</Filter>
    </ClInclude>
    <ClInclude Include="..\MIPCplex.h">
      <Filter>Header Files</Filter>
    </ClInclude>
    <ClInclude Include="..\cplex.h">
      <Filter>Header Files</Filter>
    </ClInclude>
    <ClInclude Include="..\MTHG.h">
      <Filter>Header Files</Filter>
    </ClInclude>
    <ClInclude Include="..\ConstructHeu.h">
      <Filter>Header Files</Filter>
    </ClInclude>
    <ClInclude Include="..\LocalSearch.h">
      <Filter>Header Files</Filter>
    </ClInclude>
    <ClInclude Include="..\SimAnnealing.h">
      <Filter>Header Files</Filter>
    </ClInclude>
    <ClInclude Include="..\TabuSearch.h">
      <Filter>Header Files</Filter>
    </ClInclude>
    <ClInclude Include="..\MetaLocalSearch.h">
      <Filter>Header Files</Filter>
    </ClInclude>
    <ClInclude Include="..\Lagrangian.h">
      <Filter>Header Files</Filter>
    </ClInclude>
    <ClInclude Include="..\Rins.h">
      <Filter>Header Files</Filter>
    </ClInclude>
    <ClInclude Include="..\ForwardBackward.h">
      <Filter>Header Files</Filter>
    </ClInclude>
    <ClInclude Include="..\BeamSearch.h">
      <Filter>Header Files</Filter>
    </ClInclude>
    <ClInclude Include="..\Corridor.h">
      <Filter>Header Files</Filter>
    </ClInclude>
    <ClInclude Include="..\LocBranching.h">
      <Filter>Header Files</Filter>
    </ClInclude>
    <ClInclude Include="..\Benders.h">
      <Filter>Header Files</Filter>
    </ClInclude>
    <ClInclude Include="..\GeneticAlgorithm.h">
      <Filter>Header Files</Filter>
    </ClInclude>
    <ClInclude Include="..\Kernel.h">
      <Filter>Header Files</Filter>
    </ClInclude>
    <ClInclude Include="..\Ejection.h">
      <Filter>Header Files</Filter>
    </ClInclude>
    <ClInclude Include="..\VLSN.h">
      <Filter>Header Files</Filter>
    </ClInclude>
  </ItemGroup>
  <ItemGroup>
    <ClCompile Include="..\Controller.cpp">
      <Filter>Source Files</Filter>
    </ClCompile>
    <ClCompile Include="..\GAP.cpp">
      <Filter>Source Files</Filter>
    </ClCompile>
    <ClCompile Include="..\json.cpp">
      <Filter>Source Files</Filter>
    </ClCompile>
    <ClCompile Include="..\main.cpp">
      <Filter>Source Files</Filter>
    </ClCompile>
    <ClCompile Include="..\Persistence.cpp">
      <Filter>Source Files</Filter>
    </ClCompile>
    <ClCompile Include="..\LowerBound.cpp">
      <Filter>Source Files</Filter>
    </ClCompile>
    <ClCompile Include="..\MIPCplex.cpp">
      <Filter>Source Files</Filter>
    </ClCompile>
    <ClCompile Include="..\MTHG.cpp">
      <Filter>Source Files</Filter>
    </ClCompile>
    <ClCompile Include="..\ConstructHeu.cpp">
      <Filter>Source Files</Filter>
    </ClCompile>
    <ClCompile Include="..\LocalSearch.cpp">
      <Filter>Source Files</Filter>
    </ClCompile>
    <ClCompile Include="..\SimAnnealing.cpp">
      <Filter>Source Files</Filter>
    </ClCompile>
    <ClCompile Include="..\TabuSearch.cpp">
      <Filter>Source Files</Filter>
    </ClCompile>
    <ClCompile Include="..\MetaLocalSearch.cpp">
      <Filter>Source Files</Filter>
    </ClCompile>
    <ClCompile Include="..\Lagrangian.cpp">
      <Filter>Source Files</Filter>
    </ClCompile>
    <ClCompile Include="..\Rins.cpp">
      <Filter>Source Files</Filter>
    </ClCompile>
    <ClCompile Include="..\ForwardBackward.cpp">
      <Filter>Source Files</Filter>
    </ClCompile>
    <ClCompile Include="..\BeamSearch.cpp">
      <Filter>Source Files</Filter>
    </ClCompile>
    <ClCompile Include="..\Corridor.cpp">
      <Filter>Source Files</Filter>
    </ClCompile>
    <ClCompile Include="..\LocBranching.cpp">
      <Filter>Source Files</Filter>
    </ClCompile>
    <ClCompile Include="..\Benders.cpp">
      <Filter>Source Files</Filter>
    </ClCompile>
    <ClCompile Include="..\GeneticAlgorithm.cpp">
      <Filter>Source Files</Filter>
    </ClCompile>
    <ClCompile Include="..\Kernel.cpp">
      <Filter>Source Files</Filter>
    </ClCompile>
    <ClCompile Include="..\Ejection.cpp">
      <Filter>Source Files</Filter>
    </ClCompile>
    <ClCompile Include="..\VLSN.cpp">
      <Filter>Source Files</Filter>
    </ClCompile>
  </ItemGroup>
</Project>